
Microsoft Visual Studio Solution File, Format Version 12.00
# Visual Studio Version 17
VisualStudioVersion = 17.11.35327.3
MinimumVisualStudioVersion = 10.0.40219.1
Project("{FAE04EC0-301F-11D3-BF4B-00C04F79EFBC}") = "Clean_CRUD", "Clean_CRUD\Clean_CRUD.csproj", "{3C3CEFBA-52B3-40BE-B820-47EE1C01D660}"
EndProject
Global
	GlobalSection(SolutionConfigurationPlatforms) = preSolution
		Debug|Any CPU = Debug|Any CPU
		Release|Any CPU = Release|Any CPU
	EndGlobalSection
	GlobalSection(ProjectConfigurationPlatforms) = postSolution
		{3C3CEFBA-52B3-40BE-B820-47EE1C01D660}.Debug|Any CPU.ActiveCfg = Debug|Any CPU
		{3C3CEFBA-52B3-40BE-B820-47EE1C01D660}.Debug|Any CPU.Build.0 = Debug|Any CPU
		{3C3CEFBA-52B3-40BE-B820-47EE1C01D660}.Release|Any CPU.ActiveCfg = Release|Any CPU
		{3C3CEFBA-52B3-40BE-B820-47EE1C01D660}.Release|Any CPU.Build.0 = Release|Any CPU
	EndGlobalSection
	GlobalSection(SolutionProperties) = preSolution
		HideSolutionNode = FALSE
	EndGlobalSection
	GlobalSection(ExtensibilityGlobals) = postSolution
		SolutionGuid = {05C86812-AC4C-414C-8969-BC482C4386A3}
	EndGlobalSection
EndGlobal
